
Microsoft Visual Studio Solution File, Format Version 12.00
# Visual Studio Version 16
VisualStudioVersion = 16.0.29721.120
MinimumVisualStudioVersion = 10.0.40219.1
Project("{FAE04EC0-301F-11D3-BF4B-00C04F79EFBC}") = "Alquiler.Common", "Alquiler.Common\Alquiler.Common.csproj", "{388B92B0-14CE-40BF-8FF3-AC546C467E8C}"
EndProject
Project("{FAE04EC0-301F-11D3-BF4B-00C04F79EFBC}") = "Alquiler.Web", "Alquiler.Web\Alquiler.Web.csproj", "{D6FECDA7-DEF2-482F-9EBC-AE8111C59E9C}"
EndProject
Global
	GlobalSection(SolutionConfigurationPlatforms) = preSolution
		Debug|Any CPU = Debug|Any CPU
		Release|Any CPU = Release|Any CPU
	EndGlobalSection
	GlobalSection(ProjectConfigurationPlatforms) = postSolution
		{388B92B0-14CE-40BF-8FF3-AC546C467E8C}.Debug|Any CPU.ActiveCfg = Debug|Any CPU
		{388B92B0-14CE-40BF-8FF3-AC546C467E8C}.Debug|Any CPU.Build.0 = Debug|Any CPU
		{388B92B0-14CE-40BF-8FF3-AC546C467E8C}.Release|Any CPU.ActiveCfg = Release|Any CPU
		{388B92B0-14CE-40BF-8FF3-AC546C467E8C}.Release|Any CPU.Build.0 = Release|Any CPU
		{D6FECDA7-DEF2-482F-9EBC-AE8111C59E9C}.Debug|Any CPU.ActiveCfg = Debug|Any CPU
		{D6FECDA7-DEF2-482F-9EBC-AE8111C59E9C}.Debug|Any CPU.Build.0 = Debug|Any CPU
		{D6FECDA7-DEF2-482F-9EBC-AE8111C59E9C}.Release|Any CPU.ActiveCfg = Release|Any CPU
		{D6FECDA7-DEF2-482F-9EBC-AE8111C59E9C}.Release|Any CPU.Build.0 = Release|Any CPU
	EndGlobalSection
	GlobalSection(SolutionProperties) = preSolution
		HideSolutionNode = FALSE
	EndGlobalSection
	GlobalSection(ExtensibilityGlobals) = postSolution
		SolutionGuid = {367FFC33-7836-42D0-A8FE-FE4879B24AAB}
	EndGlobalSection
EndGlobal
